
Microsoft Visual Studio Solution File, Format Version 12.00
# Visual Studio Version 17
VisualStudioVersion = 17.10.35013.160
MinimumVisualStudioVersion = 10.0.40219.1
Project("{FAE04EC0-301F-11D3-BF4B-00C04F79EFBC}") = "GameZone", "GameZone\GameZone.csproj", "{219A71F6-F3DB-4C3E-99C1-084E5106482B}"
EndProject
Global
	GlobalSection(SolutionConfigurationPlatforms) = preSolution
		Debug|Any CPU = Debug|Any CPU
		Release|Any CPU = Release|Any CPU
	EndGlobalSection
	GlobalSection(ProjectConfigurationPlatforms) = postSolution
		{219A71F6-F3DB-4C3E-99C1-084E5106482B}.Debug|Any CPU.ActiveCfg = Debug|Any CPU
		{219A71F6-F3DB-4C3E-99C1-084E5106482B}.Debug|Any CPU.Build.0 = Debug|Any CPU
		{219A71F6-F3DB-4C3E-99C1-084E5106482B}.Release|Any CPU.ActiveCfg = Release|Any CPU
		{219A71F6-F3DB-4C3E-99C1-084E5106482B}.Release|Any CPU.Build.0 = Release|Any CPU
	EndGlobalSection
	GlobalSection(SolutionProperties) = preSolution
		HideSolutionNode = FALSE
	EndGlobalSection
	GlobalSection(ExtensibilityGlobals) = postSolution
		SolutionGuid = {CC4CD0DE-C409-4CC7-A859-5F73B55A308F}
	EndGlobalSection
EndGlobal
